
Microsoft Visual Studio Solution File, Format Version 12.00
# Visual Studio Version 17
VisualStudioVersion = 17.5.002.0
MinimumVisualStudioVersion = 10.0.40219.1
Project("{9A19103F-16F7-4668-BE54-9A1E7A4F7556}") = "ConsoleApp1", "ConsoleApp1.csproj", "{4C4D83EC-9F49-460A-B77F-8DB696D5AF2C}"
EndProject
Global
	GlobalSection(SolutionConfigurationPlatforms) = preSolution
		Debug|Any CPU = Debug|Any CPU
		Release|Any CPU = Release|Any CPU
	EndGlobalSection
	GlobalSection(ProjectConfigurationPlatforms) = postSolution
		{4C4D83EC-9F49-460A-B77F-8DB696D5AF2C}.Debug|Any CPU.ActiveCfg = Debug|Any CPU
		{4C4D83EC-9F49-460A-B77F-8DB696D5AF2C}.Debug|Any CPU.Build.0 = Debug|Any CPU
		{4C4D83EC-9F49-460A-B77F-8DB696D5AF2C}.Release|Any CPU.ActiveCfg = Release|Any CPU
		{4C4D83EC-9F49-460A-B77F-8DB696D5AF2C}.Release|Any CPU.Build.0 = Release|Any CPU
	EndGlobalSection
	GlobalSection(SolutionProperties) = preSolution
		HideSolutionNode = FALSE
	EndGlobalSection
	GlobalSection(ExtensibilityGlobals) = postSolution
		SolutionGuid = {A555D013-152C-4745-9AD8-E23BBE97E645}
	EndGlobalSection
EndGlobal
